// !$*UTF8*$!
{
	archiveVersion = 1;
	classes = {
	};
	objectVersion = 55;
	objects = {

/* Begin PBXBuildFile section */
		451B6ED4273F89EB00BB897D /* AppDelegate.swift in Sources */ = {isa = PBXBuildFile; fileRef = 451B6ED3273F89EB00BB897D /* AppDelegate.swift */; };
		451B6ED6273F89EB00BB897D /* SceneDelegate.swift in Sources */ = {isa = PBXBuildFile; fileRef = 451B6ED5273F89EB00BB897D /* SceneDelegate.swift */; };
		451B6ED8273F89EB00BB897D /* ViewController.swift in Sources */ = {isa = PBXBuildFile; fileRef = 451B6ED7273F89EB00BB897D /* ViewController.swift */; };
		451B6EDD273F89EC00BB897D /* Assets.xcassets in Resources */ = {isa = PBXBuildFile; fileRef = 451B6EDC273F89EC00BB897D /* Assets.xcassets */; };
		451B6EE0273F89EC00BB897D /* LaunchScreen.storyboard in Resources */ = {isa = PBXBuildFile; fileRef = 451B6EDE273F89EC00BB897D /* LaunchScreen.storyboard */; };
		454142622748FABF0008EB87 /* NetworkManager.swift in Sources */ = {isa = PBXBuildFile; fileRef = 454142612748FABF0008EB87 /* NetworkManager.swift */; };
		45414264274904220008EB87 /* NetworkError.swift in Sources */ = {isa = PBXBuildFile; fileRef = 45414263274904220008EB87 /* NetworkError.swift */; };
		4577F8D4273F92A000004AE2 /* ItemList.swift in Sources */ = {isa = PBXBuildFile; fileRef = 4577F8D3273F92A000004AE2 /* ItemList.swift */; };
		4577F8D6273F92A500004AE2 /* Item.swift in Sources */ = {isa = PBXBuildFile; fileRef = 4577F8D5273F92A500004AE2 /* Item.swift */; };
		4577F8E6273F9A5600004AE2 /* ItemRegistration.swift in Sources */ = {isa = PBXBuildFile; fileRef = 4577F8E5273F9A5600004AE2 /* ItemRegistration.swift */; };
		4577F8E8273F9AC200004AE2 /* ItemModification.swift in Sources */ = {isa = PBXBuildFile; fileRef = 4577F8E7273F9AC200004AE2 /* ItemModification.swift */; };
		4577F8EA273F9AEF00004AE2 /* ItemDelete.swift in Sources */ = {isa = PBXBuildFile; fileRef = 4577F8E9273F9AEF00004AE2 /* ItemDelete.swift */; };
/* End PBXBuildFile section */

/* Begin PBXFileReference section */
		451B6ED0273F89EB00BB897D /* ShoppersClub.app */ = {isa = PBXFileReference; explicitFileType = wrapper.application; includeInIndex = 0; path = ShoppersClub.app; sourceTree = BUILT_PRODUCTS_DIR; };
		451B6ED3273F89EB00BB897D /* AppDelegate.swift */ = {isa = PBXFileReference; lastKnownFileType = sourcecode.swift; path = AppDelegate.swift; sourceTree = "<group>"; };
		451B6ED5273F89EB00BB897D /* SceneDelegate.swift */ = {isa = PBXFileReference; lastKnownFileType = sourcecode.swift; path = SceneDelegate.swift; sourceTree = "<group>"; };
		451B6ED7273F89EB00BB897D /* ViewController.swift */ = {isa = PBXFileReference; lastKnownFileType = sourcecode.swift; path = ViewController.swift; sourceTree = "<group>"; };
		451B6EDC273F89EC00BB897D /* Assets.xcassets */ = {isa = PBXFileReference; lastKnownFileType = folder.assetcatalog; path = Assets.xcassets; sourceTree = "<group>"; };
		451B6EDF273F89EC00BB897D /* Base */ = {isa = PBXFileReference; lastKnownFileType = file.storyboard; name = Base; path = Base.lproj/LaunchScreen.storyboard; sourceTree = "<group>"; };
		451B6EE1273F89EC00BB897D /* Info.plist */ = {isa = PBXFileReference; lastKnownFileType = text.plist.xml; path = Info.plist; sourceTree = "<group>"; };
		454142612748FABF0008EB87 /* NetworkManager.swift */ = {isa = PBXFileReference; lastKnownFileType = sourcecode.swift; path = NetworkManager.swift; sourceTree = "<group>"; };
		45414263274904220008EB87 /* NetworkError.swift */ = {isa = PBXFileReference; lastKnownFileType = sourcecode.swift; path = NetworkError.swift; sourceTree = "<group>"; };
		4577F8D3273F92A000004AE2 /* ItemList.swift */ = {isa = PBXFileReference; lastKnownFileType = sourcecode.swift; path = ItemList.swift; sourceTree = "<group>"; };
		4577F8D5273F92A500004AE2 /* Item.swift */ = {isa = PBXFileReference; lastKnownFileType = sourcecode.swift; path = Item.swift; sourceTree = "<group>"; };
		4577F8E5273F9A5600004AE2 /* ItemRegistration.swift */ = {isa = PBXFileReference; lastKnownFileType = sourcecode.swift; path = ItemRegistration.swift; sourceTree = "<group>"; };
		4577F8E7273F9AC200004AE2 /* ItemModification.swift */ = {isa = PBXFileReference; lastKnownFileType = sourcecode.swift; path = ItemModification.swift; sourceTree = "<group>"; };
		4577F8E9273F9AEF00004AE2 /* ItemDelete.swift */ = {isa = PBXFileReference; lastKnownFileType = sourcecode.swift; path = ItemDelete.swift; sourceTree = "<group>"; };
/* End PBXFileReference section */

/* Begin PBXFrameworksBuildPhase section */
		451B6ECD273F89EB00BB897D /* Frameworks */ = {
			isa = PBXFrameworksBuildPhase;
			buildActionMask = 2147483647;
			files = (
			);
			runOnlyForDeploymentPostprocessing = 0;
		};
/* End PBXFrameworksBuildPhase section */

/* Begin PBXGroup section */
		451B6EC7273F89EB00BB897D = {
			isa = PBXGroup;
			children = (
				451B6ED2273F89EB00BB897D /* ShoppersClub */,
				451B6ED1273F89EB00BB897D /* Products */,
			);
			sourceTree = "<group>";
		};
		451B6ED1273F89EB00BB897D /* Products */ = {
			isa = PBXGroup;
			children = (
				451B6ED0273F89EB00BB897D /* ShoppersClub.app */,
			);
			name = Products;
			sourceTree = "<group>";
		};
		451B6ED2273F89EB00BB897D /* ShoppersClub */ = {
			isa = PBXGroup;
			children = (
				4577F8EB273F9B4D00004AE2 /* Model */,
				451B6ED3273F89EB00BB897D /* AppDelegate.swift */,
				451B6ED5273F89EB00BB897D /* SceneDelegate.swift */,
				451B6ED7273F89EB00BB897D /* ViewController.swift */,
				451B6EDC273F89EC00BB897D /* Assets.xcassets */,
				451B6EDE273F89EC00BB897D /* LaunchScreen.storyboard */,
				451B6EE1273F89EC00BB897D /* Info.plist */,
			);
			path = ShoppersClub;
			sourceTree = "<group>";
		};
		45414265274904270008EB87 /* Network */ = {
			isa = PBXGroup;
			children = (
				45414263274904220008EB87 /* NetworkError.swift */,
				454142612748FABF0008EB87 /* NetworkManager.swift */,
			);
			path = Network;
			sourceTree = "<group>";
		};
		4577F8D7273F92B700004AE2 /* Response */ = {
			isa = PBXGroup;
			children = (
				4577F8D3273F92A000004AE2 /* ItemList.swift */,
				4577F8D5273F92A500004AE2 /* Item.swift */,
			);
			path = Response;
			sourceTree = "<group>";
		};
		4577F8E0273F9A3900004AE2 /* Request */ = {
			isa = PBXGroup;
			children = (
				4577F8E5273F9A5600004AE2 /* ItemRegistration.swift */,
				4577F8E7273F9AC200004AE2 /* ItemModification.swift */,
				4577F8E9273F9AEF00004AE2 /* ItemDelete.swift */,
			);
			path = Request;
			sourceTree = "<group>";
		};
		4577F8EB273F9B4D00004AE2 /* Model */ = {
			isa = PBXGroup;
			children = (
				45414265274904270008EB87 /* Network */,
				4577F8D7273F92B700004AE2 /* Response */,
				4577F8E0273F9A3900004AE2 /* Request */,
			);
			path = Model;
			sourceTree = "<group>";
		};
/* End PBXGroup section */

/* Begin PBXNativeTarget section */
		451B6ECF273F89EB00BB897D /* ShoppersClub */ = {
			isa = PBXNativeTarget;
			buildConfigurationList = 451B6EE4273F89EC00BB897D /* Build configuration list for PBXNativeTarget "ShoppersClub" */;
			buildPhases = (
				451B6ECC273F89EB00BB897D /* Sources */,
				451B6ECD273F89EB00BB897D /* Frameworks */,
				451B6ECE273F89EB00BB897D /* Resources */,
			);
			buildRules = (
			);
			dependencies = (
			);
			name = ShoppersClub;
			productName = ShoppersClub;
			productReference = 451B6ED0273F89EB00BB897D /* ShoppersClub.app */;
			productType = "com.apple.product-type.application";
		};
/* End PBXNativeTarget section */

/* Begin PBXProject section */
		451B6EC8273F89EB00BB897D /* Project object */ = {
			isa = PBXProject;
			attributes = {
				BuildIndependentTargetsInParallel = 1;
				LastSwiftUpdateCheck = 1310;
				LastUpgradeCheck = 1310;
				TargetAttributes = {
					451B6ECF273F89EB00BB897D = {
						CreatedOnToolsVersion = 13.1;
					};
				};
			};
			buildConfigurationList = 451B6ECB273F89EB00BB897D /* Build configuration list for PBXProject "ShoppersClub" */;
			compatibilityVersion = "Xcode 13.0";
			developmentRegion = en;
			hasScannedForEncodings = 0;
			knownRegions = (
				en,
				Base,
			);
			mainGroup = 451B6EC7273F89EB00BB897D;
			productRefGroup = 451B6ED1273F89EB00BB897D /* Products */;
			projectDirPath = "";
			projectRoot = "";
			targets = (
				451B6ECF273F89EB00BB897D /* ShoppersClub */,
			);
		};
/* End PBXProject section */

/* Begin PBXResourcesBuildPhase section */
		451B6ECE273F89EB00BB897D /* Resources */ = {
			isa = PBXResourcesBuildPhase;
			buildActionMask = 2147483647;
			files = (
				451B6EE0273F89EC00BB897D /* LaunchScreen.storyboard in Resources */,
				451B6EDD273F89EC00BB897D /* Assets.xcassets in Resources */,
			);
			runOnlyForDeploymentPostprocessing = 0;
		};
/* End PBXResourcesBuildPhase section */

/* Begin PBXSourcesBuildPhase section */
		451B6ECC273F89EB00BB897D /* Sources */ = {
			isa = PBXSourcesBuildPhase;
			buildActionMask = 2147483647;
			files = (
				454142622748FABF0008EB87 /* NetworkManager.swift in Sources */,
				4577F8D6273F92A500004AE2 /* Item.swift in Sources */,
				4577F8D4273F92A000004AE2 /* ItemList.swift in Sources */,
				4577F8E6273F9A5600004AE2 /* ItemRegistration.swift in Sources */,
				451B6ED8273F89EB00BB897D /* ViewController.swift in Sources */,
				451B6ED4273F89EB00BB897D /* AppDelegate.swift in Sources */,
				4577F8EA273F9AEF00004AE2 /* ItemDelete.swift in Sources */,
				4577F8E8273F9AC200004AE2 /* ItemModification.swift in Sources */,
				451B6ED6273F89EB00BB897D /* SceneDelegate.swift in Sources */,
				45414264274904220008EB87 /* NetworkError.swift in Sources */,
			);
			runOnlyForDeploymentPostprocessing = 0;
		};
/* End PBXSourcesBuildPhase section */

/* Begin PBXVariantGroup section */
		451B6EDE273F89EC00BB897D /* LaunchScreen.storyboard */ = {
			isa = PBXVariantGroup;
			children = (
				451B6EDF273F89EC00BB897D /* Base */,
			);
			name = LaunchScreen.storyboard;
			sourceTree = "<group>";
		};
/* End PBXVariantGroup section */

/* Begin XCBuildConfiguration section */
		451B6EE2273F89EC00BB897D /* Debug */ = {
			isa = XCBuildConfiguration;
			buildSettings = {
				ALWAYS_SEARCH_USER_PATHS = NO;
				CLANG_ANALYZER_NONNULL = YES;
				CLANG_ANALYZER_NUMBER_OBJECT_CONVERSION = YES_AGGRESSIVE;
				CLANG_CXX_LANGUAGE_STANDARD = "gnu++17";
				CLANG_CXX_LIBRARY = "libc++";
				CLANG_ENABLE_MODULES = YES;
				CLANG_ENABLE_OBJC_ARC = YES;
				CLANG_ENABLE_OBJC_WEAK = YES;
				CLANG_WARN_BLOCK_CAPTURE_AUTORELEASING = YES;
				CLANG_WARN_BOOL_CONVERSION = YES;
				CLANG_WARN_COMMA = YES;
				CLANG_WARN_CONSTANT_CONVERSION = YES;
				CLANG_WARN_DEPRECATED_OBJC_IMPLEMENTATIONS = YES;
				CLANG_WARN_DIRECT_OBJC_ISA_USAGE = YES_ERROR;
				CLANG_WARN_DOCUMENTATION_COMMENTS = YES;
				CLANG_WARN_EMPTY_BODY = YES;
				CLANG_WARN_ENUM_CONVERSION = YES;
				CLANG_WARN_INFINITE_RECURSION = YES;
				CLANG_WARN_INT_CONVERSION = YES;
				CLANG_WARN_NON_LITERAL_NULL_CONVERSION = YES;
				CLANG_WARN_OBJC_IMPLICIT_RETAIN_SELF = YES;
				CLANG_WARN_OBJC_LITERAL_CONVERSION = YES;
				CLANG_WARN_OBJC_ROOT_CLASS = YES_ERROR;
				CLANG_WARN_QUOTED_INCLUDE_IN_FRAMEWORK_HEADER = YES;
				CLANG_WARN_RANGE_LOOP_ANALYSIS = YES;
				CLANG_WARN_STRICT_PROTOTYPES = YES;
				CLANG_WARN_SUSPICIOUS_MOVE = YES;
				CLANG_WARN_UNGUARDED_AVAILABILITY = YES_AGGRESSIVE;
				CLANG_WARN_UNREACHABLE_CODE = YES;
				CLANG_WARN__DUPLICATE_METHOD_MATCH = YES;
				COPY_PHASE_STRIP = NO;
				DEBUG_INFORMATION_FORMAT = dwarf;
				ENABLE_STRICT_OBJC_MSGSEND = YES;
				ENABLE_TESTABILITY = YES;
				GCC_C_LANGUAGE_STANDARD = gnu11;
				GCC_DYNAMIC_NO_PIC = NO;
				GCC_NO_COMMON_BLOCKS = YES;
				GCC_OPTIMIZATION_LEVEL = 0;
				GCC_PREPROCESSOR_DEFINITIONS = (
					"DEBUG=1",
					"$(inherited)",
				);
				GCC_WARN_64_TO_32_BIT_CONVERSION = YES;
				GCC_WARN_ABOUT_RETURN_TYPE = YES_ERROR;
				GCC_WARN_UNDECLARED_SELECTOR = YES;
				GCC_WARN_UNINITIALIZED_AUTOS = YES_AGGRESSIVE;
				GCC_WARN_UNUSED_FUNCTION = YES;
				GCC_WARN_UNUSED_VARIABLE = YES;
				IPHONEOS_DEPLOYMENT_TARGET = 15.0;
				MTL_ENABLE_DEBUG_INFO = INCLUDE_SOURCE;
				MTL_FAST_MATH = YES;
				ONLY_ACTIVE_ARCH = YES;
				SDKROOT = iphoneos;
				SWIFT_ACTIVE_COMPILATION_CONDITIONS = DEBUG;
				SWIFT_OPTIMIZATION_LEVEL = "-Onone";
			};
			name = Debug;
		};
		451B6EE3273F89EC00BB897D /* Release */ = {
			isa = XCBuildConfiguration;
			buildSettings = {
				ALWAYS_SEARCH_USER_PATHS = NO;
				CLANG_ANALYZER_NONNULL = YES;
				CLANG_ANALYZER_NUMBER_OBJECT_CONVERSION = YES_AGGRESSIVE;
				CLANG_CXX_LANGUAGE_STANDARD = "gnu++17";
				CLANG_CXX_LIBRARY = "libc++";
				CLANG_ENABLE_MODULES = YES;
				CLANG_ENABLE_OBJC_ARC = YES;
				CLANG_ENABLE_OBJC_WEAK = YES;
				CLANG_WARN_BLOCK_CAPTURE_AUTORELEASING = YES;
				CLANG_WARN_BOOL_CONVERSION = YES;
				CLANG_WARN_COMMA = YES;
				CLANG_WARN_CONSTANT_CONVERSION = YES;
				CLANG_WARN_DEPRECATED_OBJC_IMPLEMENTATIONS = YES;
				CLANG_WARN_DIRECT_OBJC_ISA_USAGE = YES_ERROR;
				CLANG_WARN_DOCUMENTATION_COMMENTS = YES;
				CLANG_WARN_EMPTY_BODY = YES;
				CLANG_WARN_ENUM_CONVERSION = YES;
				CLANG_WARN_INFINITE_RECURSION = YES;
				CLANG_WARN_INT_CONVERSION = YES;
				CLANG_WARN_NON_LITERAL_NULL_CONVERSION = YES;
				CLANG_WARN_OBJC_IMPLICIT_RETAIN_SELF = YES;
				CLANG_WARN_OBJC_LITERAL_CONVERSION = YES;
				CLANG_WARN_OBJC_ROOT_CLASS = YES_ERROR;
				CLANG_WARN_QUOTED_INCLUDE_IN_FRAMEWORK_HEADER = YES;
				CLANG_WARN_RANGE_LOOP_ANALYSIS = YES;
				CLANG_WARN_STRICT_PROTOTYPES = YES;
				CLANG_WARN_SUSPICIOUS_MOVE = YES;
				CLANG_WARN_UNGUARDED_AVAILABILITY = YES_AGGRESSIVE;
				CLANG_WARN_UNREACHABLE_CODE = YES;
				CLANG_WARN__DUPLICATE_METHOD_MATCH = YES;
				COPY_PHASE_STRIP = NO;
				DEBUG_INFORMATION_FORMAT = "dwarf-with-dsym";
				ENABLE_NS_ASSERTIONS = NO;
				ENABLE_STRICT_OBJC_MSGSEND = YES;
				GCC_C_LANGUAGE_STANDARD = gnu11;
				GCC_NO_COMMON_BLOCKS = YES;
				GCC_WARN_64_TO_32_BIT_CONVERSION = YES;
				GCC_WARN_ABOUT_RETURN_TYPE = YES_ERROR;
				GCC_WARN_UNDECLARED_SELECTOR = YES;
				GCC_WARN_UNINITIALIZED_AUTOS = YES_AGGRESSIVE;
				GCC_WARN_UNUSED_FUNCTION = YES;
				GCC_WARN_UNUSED_VARIABLE = YES;
				IPHONEOS_DEPLOYMENT_TARGET = 15.0;
				MTL_ENABLE_DEBUG_INFO = NO;
				MTL_FAST_MATH = YES;
				SDKROOT = iphoneos;
				SWIFT_COMPILATION_MODE = wholemodule;
				SWIFT_OPTIMIZATION_LEVEL = "-O";
				VALIDATE_PRODUCT = YES;
			};
			name = Release;
		};
		451B6EE5273F89EC00BB897D /* Debug */ = {
			isa = XCBuildConfiguration;
			buildSettings = {
				ASSETCATALOG_COMPILER_APPICON_NAME = AppIcon;
				ASSETCATALOG_COMPILER_GLOBAL_ACCENT_COLOR_NAME = AccentColor;
				CODE_SIGN_STYLE = Automatic;
				CURRENT_PROJECT_VERSION = 1;
				DEVELOPMENT_TEAM = UBBM56X3XU;
				GENERATE_INFOPLIST_FILE = YES;
				INFOPLIST_FILE = ShoppersClub/Info.plist;
				INFOPLIST_KEY_UIApplicationSupportsIndirectInputEvents = YES;
				INFOPLIST_KEY_UILaunchStoryboardName = LaunchScreen;
				INFOPLIST_KEY_UISupportedInterfaceOrientations_iPad = "UIInterfaceOrientationPortrait UIInterfaceOrientationPortraitUpsideDown UIInterfaceOrientationLandscapeLeft UIInterfaceOrientationLandscapeRight";
				INFOPLIST_KEY_UISupportedInterfaceOrientations_iPhone = "UIInterfaceOrientationPortrait UIInterfaceOrientationLandscapeLeft UIInterfaceOrientationLandscapeRight";
				LD_RUNPATH_SEARCH_PATHS = (
					"$(inherited)",
					"@executable_path/Frameworks",
				);
				MARKETING_VERSION = 1.0;
				PRODUCT_BUNDLE_IDENTIFIER = "com.example.Tak95-samplecode.ShoppersClub";
				PRODUCT_NAME = "$(TARGET_NAME)";
				SWIFT_EMIT_LOC_STRINGS = YES;
				SWIFT_VERSION = 5.0;
				TARGETED_DEVICE_FAMILY = "1,2";
			};
			name = Debug;
		};
		451B6EE6273F89EC00BB897D /* Release */ = {
			isa = XCBuildConfiguration;
			buildSettings = {
				ASSETCATALOG_COMPILER_APPICON_NAME = AppIcon;
				ASSETCATALOG_COMPILER_GLOBAL_ACCENT_COLOR_NAME = AccentColor;
				CODE_SIGN_STYLE = Automatic;
				CURRENT_PROJECT_VERSION = 1;
				DEVELOPMENT_TEAM = UBBM56X3XU;
				GENERATE_INFOPLIST_FILE = YES;
				INFOPLIST_FILE = ShoppersClub/Info.plist;
				INFOPLIST_KEY_UIApplicationSupportsIndirectInputEvents = YES;
				INFOPLIST_KEY_UILaunchStoryboardName = LaunchScreen;
				INFOPLIST_KEY_UISupportedInterfaceOrientations_iPad = "UIInterfaceOrientationPortrait UIInterfaceOrientationPortraitUpsideDown UIInterfaceOrientationLandscapeLeft UIInterfaceOrientationLandscapeRight";
				INFOPLIST_KEY_UISupportedInterfaceOrientations_iPhone = "UIInterfaceOrientationPortrait UIInterfaceOrientationLandscapeLeft UIInterfaceOrientationLandscapeRight";
				LD_RUNPATH_SEARCH_PATHS = (
					"$(inherited)",
					"@executable_path/Frameworks",
				);
				MARKETING_VERSION = 1.0;
				PRODUCT_BUNDLE_IDENTIFIER = "com.example.Tak95-samplecode.ShoppersClub";
				PRODUCT_NAME = "$(TARGET_NAME)";
				SWIFT_EMIT_LOC_STRINGS = YES;
				SWIFT_VERSION = 5.0;
				TARGETED_DEVICE_FAMILY = "1,2";
			};
			name = Release;
		};
/* End XCBuildConfiguration section */

/* Begin XCConfigurationList section */
		451B6ECB273F89EB00BB897D /* Build configuration list for PBXProject "ShoppersClub" */ = {
			isa = XCConfigurationList;
			buildConfigurations = (
				451B6EE2273F89EC00BB897D /* Debug */,
				451B6EE3273F89EC00BB897D /* Release */,
			);
			defaultConfigurationIsVisible = 0;
			defaultConfigurationName = Release;
		};
		451B6EE4273F89EC00BB897D /* Build configuration list for PBXNativeTarget "ShoppersClub" */ = {
			isa = XCConfigurationList;
			buildConfigurations = (
				451B6EE5273F89EC00BB897D /* Debug */,
				451B6EE6273F89EC00BB897D /* Release */,
			);
			defaultConfigurationIsVisible = 0;
			defaultConfigurationName = Release;
		};
/* End XCConfigurationList section */
	};
	rootObject = 451B6EC8273F89EB00BB897D /* Project object */;
}
